
Microsoft Visual Studio Solution File, Format Version 12.00
# Visual Studio 15
VisualStudioVersion = 15.0.33403.129
MinimumVisualStudioVersion = 10.0.40219.1
Project("{8BC9CEB8-8B4A-11D0-8D11-00A0C91BC942}") = "Expozitie", "Expozitie\Expozitie.vcxproj", "{C3403D62-0849-4825-AD83-7685D51E464B}"
EndProject
Global
	GlobalSection(SolutionConfigurationPlatforms) = preSolution
		Debug|x64 = Debug|x64
		Debug|x86 = Debug|x86
		Release|x64 = Release|x64
		Release|x86 = Release|x86
	EndGlobalSection
	GlobalSection(ProjectConfigurationPlatforms) = postSolution
		{C3403D62-0849-4825-AD83-7685D51E464B}.Debug|x64.ActiveCfg = Debug|x64
		{C3403D62-0849-4825-AD83-7685D51E464B}.Debug|x64.Build.0 = Debug|x64
		{C3403D62-0849-4825-AD83-7685D51E464B}.Debug|x86.ActiveCfg = Debug|Win32
		{C3403D62-0849-4825-AD83-7685D51E464B}.Debug|x86.Build.0 = Debug|Win32
		{C3403D62-0849-4825-AD83-7685D51E464B}.Release|x64.ActiveCfg = Release|x64
		{C3403D62-0849-4825-AD83-7685D51E464B}.Release|x64.Build.0 = Release|x64
		{C3403D62-0849-4825-AD83-7685D51E464B}.Release|x86.ActiveCfg = Release|Win32
		{C3403D62-0849-4825-AD83-7685D51E464B}.Release|x86.Build.0 = Release|Win32
	EndGlobalSection
	GlobalSection(SolutionProperties) = preSolution
		HideSolutionNode = FALSE
	EndGlobalSection
	GlobalSection(ExtensibilityGlobals) = postSolution
		SolutionGuid = {C1F119B4-FF1F-4EEE-84A6-0C07844A03B2}
	EndGlobalSection
EndGlobal
